
Microsoft Visual Studio Solution File, Format Version 12.00
# Visual Studio 15
VisualStudioVersion = 15.0.26228.10
MinimumVisualStudioVersion = 10.0.40219.1
Project("{FAE04EC0-301F-11D3-BF4B-00C04F79EFBC}") = "CSharp.Dribble.Pluralsight", "CSharp.Dribble.Pluralsight\CSharp.Dribble.Pluralsight.csproj", "{F181A622-D6E1-41B4-B900-FBEF99769771}"
EndProject
Project("{FAE04EC0-301F-11D3-BF4B-00C04F79EFBC}") = "CSharp.Dribble.Pluralsight.IntegrationTest", "CSharp.Dribble.Pluralsight.IntegrationTest\CSharp.Dribble.Pluralsight.IntegrationTest.csproj", "{C487C342-6AAD-4B81-93F9-DFB0921D0623}"
EndProject
Project("{FAE04EC0-301F-11D3-BF4B-00C04F79EFBC}") = "CSharp.Dribble.Exam70483", "CSharp.Dribble.Exam70483\CSharp.Dribble.Exam70483.csproj", "{79B84FBA-5B0F-443C-90E2-EB709E4E52AA}"
EndProject
Global
	GlobalSection(SolutionConfigurationPlatforms) = preSolution
		Debug|Any CPU = Debug|Any CPU
		Release|Any CPU = Release|Any CPU
	EndGlobalSection
	GlobalSection(ProjectConfigurationPlatforms) = postSolution
		{F181A622-D6E1-41B4-B900-FBEF99769771}.Debug|Any CPU.ActiveCfg = Debug|Any CPU
		{F181A622-D6E1-41B4-B900-FBEF99769771}.Debug|Any CPU.Build.0 = Debug|Any CPU
		{F181A622-D6E1-41B4-B900-FBEF99769771}.Release|Any CPU.ActiveCfg = Release|Any CPU
		{F181A622-D6E1-41B4-B900-FBEF99769771}.Release|Any CPU.Build.0 = Release|Any CPU
		{C487C342-6AAD-4B81-93F9-DFB0921D0623}.Debug|Any CPU.ActiveCfg = Debug|Any CPU
		{C487C342-6AAD-4B81-93F9-DFB0921D0623}.Debug|Any CPU.Build.0 = Debug|Any CPU
		{C487C342-6AAD-4B81-93F9-DFB0921D0623}.Release|Any CPU.ActiveCfg = Release|Any CPU
		{C487C342-6AAD-4B81-93F9-DFB0921D0623}.Release|Any CPU.Build.0 = Release|Any CPU
		{79B84FBA-5B0F-443C-90E2-EB709E4E52AA}.Debug|Any CPU.ActiveCfg = Debug|Any CPU
		{79B84FBA-5B0F-443C-90E2-EB709E4E52AA}.Debug|Any CPU.Build.0 = Debug|Any CPU
		{79B84FBA-5B0F-443C-90E2-EB709E4E52AA}.Release|Any CPU.ActiveCfg = Release|Any CPU
		{79B84FBA-5B0F-443C-90E2-EB709E4E52AA}.Release|Any CPU.Build.0 = Release|Any CPU
	EndGlobalSection
	GlobalSection(SolutionProperties) = preSolution
		HideSolutionNode = FALSE
	EndGlobalSection
EndGlobal
